
Microsoft Visual Studio Solution File, Format Version 12.00
# Visual Studio 15
VisualStudioVersion = 15.0.28307.539
MinimumVisualStudioVersion = 10.0.40219.1
Project("{9A19103F-16F7-4668-BE54-9A1E7A4F7556}") = "nr-aspnet", "nr-aspnet\nr-aspnet.csproj", "{A1C31566-CB40-4EC3-AA87-2517AC303035}"
EndProject
Global
	GlobalSection(SolutionConfigurationPlatforms) = preSolution
		Debug|Any CPU = Debug|Any CPU
		Release|Any CPU = Release|Any CPU
	EndGlobalSection
	GlobalSection(ProjectConfigurationPlatforms) = postSolution
		{A1C31566-CB40-4EC3-AA87-2517AC303035}.Debug|Any CPU.ActiveCfg = Debug|Any CPU
		{A1C31566-CB40-4EC3-AA87-2517AC303035}.Debug|Any CPU.Build.0 = Debug|Any CPU
		{A1C31566-CB40-4EC3-AA87-2517AC303035}.Release|Any CPU.ActiveCfg = Release|Any CPU
		{A1C31566-CB40-4EC3-AA87-2517AC303035}.Release|Any CPU.Build.0 = Release|Any CPU
	EndGlobalSection
	GlobalSection(SolutionProperties) = preSolution
		HideSolutionNode = FALSE
	EndGlobalSection
	GlobalSection(ExtensibilityGlobals) = postSolution
		SolutionGuid = {C414EB1E-6FDF-40FC-A46F-41DD395A5F99}
	EndGlobalSection
EndGlobal
